
Microsoft Visual Studio Solution File, Format Version 12.00
# Visual Studio Version 17
VisualStudioVersion = 17.7.34221.43
MinimumVisualStudioVersion = 10.0.40219.1
Project("{9A19103F-16F7-4668-BE54-9A1E7A4F7556}") = "CurrencyMonitor.Client", "CurrencyMonitor.Client\CurrencyMonitor.Client.csproj", "{84EB688B-C58D-4DBB-A91A-FC581EE0DDE3}"
EndProject
Project("{FAE04EC0-301F-11D3-BF4B-00C04F79EFBC}") = "CurrencyMonitor.Core", "CurrencyMonitor.Core\CurrencyMonitor.Core.csproj", "{8DA4AC08-CFE1-4494-AF64-C19A6A523A4E}"
EndProject
Project("{FAE04EC0-301F-11D3-BF4B-00C04F79EFBC}") = "CurrencyMonitor.DB", "CurrencyMonitor.DB\CurrencyMonitor.DB.csproj", "{F58A5FC5-2241-466F-8EFC-D301B29E43B9}"
EndProject
Global
	GlobalSection(SolutionConfigurationPlatforms) = preSolution
		Debug|Any CPU = Debug|Any CPU
		Release|Any CPU = Release|Any CPU
	EndGlobalSection
	GlobalSection(ProjectConfigurationPlatforms) = postSolution
		{84EB688B-C58D-4DBB-A91A-FC581EE0DDE3}.Debug|Any CPU.ActiveCfg = Debug|Any CPU
		{84EB688B-C58D-4DBB-A91A-FC581EE0DDE3}.Debug|Any CPU.Build.0 = Debug|Any CPU
		{84EB688B-C58D-4DBB-A91A-FC581EE0DDE3}.Release|Any CPU.ActiveCfg = Release|Any CPU
		{84EB688B-C58D-4DBB-A91A-FC581EE0DDE3}.Release|Any CPU.Build.0 = Release|Any CPU
		{8DA4AC08-CFE1-4494-AF64-C19A6A523A4E}.Debug|Any CPU.ActiveCfg = Debug|Any CPU
		{8DA4AC08-CFE1-4494-AF64-C19A6A523A4E}.Debug|Any CPU.Build.0 = Debug|Any CPU
		{8DA4AC08-CFE1-4494-AF64-C19A6A523A4E}.Release|Any CPU.ActiveCfg = Release|Any CPU
		{8DA4AC08-CFE1-4494-AF64-C19A6A523A4E}.Release|Any CPU.Build.0 = Release|Any CPU
		{F58A5FC5-2241-466F-8EFC-D301B29E43B9}.Debug|Any CPU.ActiveCfg = Debug|Any CPU
		{F58A5FC5-2241-466F-8EFC-D301B29E43B9}.Debug|Any CPU.Build.0 = Debug|Any CPU
		{F58A5FC5-2241-466F-8EFC-D301B29E43B9}.Release|Any CPU.ActiveCfg = Release|Any CPU
		{F58A5FC5-2241-466F-8EFC-D301B29E43B9}.Release|Any CPU.Build.0 = Release|Any CPU
	EndGlobalSection
	GlobalSection(SolutionProperties) = preSolution
		HideSolutionNode = FALSE
	EndGlobalSection
	GlobalSection(ExtensibilityGlobals) = postSolution
		SolutionGuid = {BD17FC5D-0DDD-4333-9AAA-41C8F2E8FBAE}
	EndGlobalSection
EndGlobal
